
Microsoft Visual Studio Solution File, Format Version 12.00
# Visual Studio Version 17
VisualStudioVersion = 17.2.32630.192
MinimumVisualStudioVersion = 10.0.40219.1
Project("{9A19103F-16F7-4668-BE54-9A1E7A4F7556}") = "R5T.F0099", "R5T.F0099\R5T.F0099.csproj", "{4C4D0BD4-BD0A-4711-976B-17BA29F4F896}"
EndProject
Project("{2150E333-8FDC-42A3-9474-1A3956D46DE8}") = "_Dependencies", "_Dependencies", "{00D74121-879E-447D-8350-F5BCB794E058}"
EndProject
Project("{9A19103F-16F7-4668-BE54-9A1E7A4F7556}") = "R5T.F0000", "..\..\R5T.F0000\source\R5T.F0000\R5T.F0000.csproj", "{C72F6BA6-BD89-4832-90C4-A3169A832746}"
EndProject
Project("{9A19103F-16F7-4668-BE54-9A1E7A4F7556}") = "R5T.T0131", "..\..\R5T.T0131\source\R5T.T0131\R5T.T0131.csproj", "{473F47E3-D463-49C7-BD4F-A846653E5D7C}"
EndProject
Project("{9A19103F-16F7-4668-BE54-9A1E7A4F7556}") = "R5T.T0132", "..\..\R5T.T0132\source\R5T.T0132\R5T.T0132.csproj", "{BF4CB08E-5736-46F8-BF9C-9E1D2DA6D13F}"
EndProject
Project("{9A19103F-16F7-4668-BE54-9A1E7A4F7556}") = "R5T.T0142", "..\..\R5T.T0142\source\R5T.T0142\R5T.T0142.csproj", "{B623914C-2E22-4DFE-9DA1-09743D6C967C}"
EndProject
Project("{9A19103F-16F7-4668-BE54-9A1E7A4F7556}") = "R5T.T0143", "..\..\R5T.T0143\source\R5T.T0143\R5T.T0143.csproj", "{5DC6A3B2-4C5A-4DE7-ACF7-2E0B27928B47}"
EndProject
Project("{9A19103F-16F7-4668-BE54-9A1E7A4F7556}") = "R5T.T0156", "..\..\R5T.T0156\source\R5T.T0156\R5T.T0156.csproj", "{4E95FF10-3B06-44C4-952B-A4B46EEAAF84}"
EndProject
Project("{9A19103F-16F7-4668-BE54-9A1E7A4F7556}") = "R5T.Y0000", "..\..\R5T.Y0000\source\R5T.Y0000\R5T.Y0000.csproj", "{04AC8386-CFD3-4BAC-8F8A-7279949CE514}"
EndProject
Project("{9A19103F-16F7-4668-BE54-9A1E7A4F7556}") = "R5T.Z0000", "..\..\R5T.Z0000\source\R5T.Z0000\R5T.Z0000.csproj", "{8FAB0724-49F3-4458-9019-82FF3E6F5AC8}"
EndProject
Project("{9A19103F-16F7-4668-BE54-9A1E7A4F7556}") = "R5T.F0099.T000", "R5T.F0099.T000\R5T.F0099.T000.csproj", "{FEDFD68F-6C85-4DBF-9B98-F8C796A460FA}"
EndProject
Project("{9A19103F-16F7-4668-BE54-9A1E7A4F7556}") = "R5T.F0099.F001", "R5T.F0099.F001\R5T.F0099.F001.csproj", "{431F067C-4F19-4DCD-98F6-EC029FB7D83C}"
EndProject
Project("{9A19103F-16F7-4668-BE54-9A1E7A4F7556}") = "R5T.T0172", "..\..\R5T.T0172\source\R5T.T0172\R5T.T0172.csproj", "{4734D2CF-5244-4C10-A1FF-7024AA603C8B}"
EndProject
Project("{9A19103F-16F7-4668-BE54-9A1E7A4F7556}") = "R5T.T0162", "..\..\R5T.T0162\source\R5T.T0162\R5T.T0162.csproj", "{532ED8B0-A9E8-4B7F-9EB2-AE51ED0C4BD7}"
EndProject
Project("{9A19103F-16F7-4668-BE54-9A1E7A4F7556}") = "R5T.T0173", "..\..\R5T.T0173\source\R5T.T0173\R5T.T0173.csproj", "{027EF3F7-EC89-4C0C-BD98-86F32BDE63D3}"
EndProject
Global
	GlobalSection(SolutionConfigurationPlatforms) = preSolution
		Debug|Any CPU = Debug|Any CPU
		Release|Any CPU = Release|Any CPU
	EndGlobalSection
	GlobalSection(ProjectConfigurationPlatforms) = postSolution
		{4C4D0BD4-BD0A-4711-976B-17BA29F4F896}.Debug|Any CPU.ActiveCfg = Debug|Any CPU
		{4C4D0BD4-BD0A-4711-976B-17BA29F4F896}.Debug|Any CPU.Build.0 = Debug|Any CPU
		{4C4D0BD4-BD0A-4711-976B-17BA29F4F896}.Release|Any CPU.ActiveCfg = Release|Any CPU
		{4C4D0BD4-BD0A-4711-976B-17BA29F4F896}.Release|Any CPU.Build.0 = Release|Any CPU
		{C72F6BA6-BD89-4832-90C4-A3169A832746}.Debug|Any CPU.ActiveCfg = Debug|Any CPU
		{C72F6BA6-BD89-4832-90C4-A3169A832746}.Debug|Any CPU.Build.0 = Debug|Any CPU
		{C72F6BA6-BD89-4832-90C4-A3169A832746}.Release|Any CPU.ActiveCfg = Release|Any CPU
		{C72F6BA6-BD89-4832-90C4-A3169A832746}.Release|Any CPU.Build.0 = Release|Any CPU
		{473F47E3-D463-49C7-BD4F-A846653E5D7C}.Debug|Any CPU.ActiveCfg = Debug|Any CPU
		{473F47E3-D463-49C7-BD4F-A846653E5D7C}.Debug|Any CPU.Build.0 = Debug|Any CPU
		{473F47E3-D463-49C7-BD4F-A846653E5D7C}.Release|Any CPU.ActiveCfg = Release|Any CPU
		{473F47E3-D463-49C7-BD4F-A846653E5D7C}.Release|Any CPU.Build.0 = Release|Any CPU
		{BF4CB08E-5736-46F8-BF9C-9E1D2DA6D13F}.Debug|Any CPU.ActiveCfg = Debug|Any CPU
		{BF4CB08E-5736-46F8-BF9C-9E1D2DA6D13F}.Debug|Any CPU.Build.0 = Debug|Any CPU
		{BF4CB08E-5736-46F8-BF9C-9E1D2DA6D13F}.Release|Any CPU.ActiveCfg = Release|Any CPU
		{BF4CB08E-5736-46F8-BF9C-9E1D2DA6D13F}.Release|Any CPU.Build.0 = Release|Any CPU
		{B623914C-2E22-4DFE-9DA1-09743D6C967C}.Debug|Any CPU.ActiveCfg = Debug|Any CPU
		{B623914C-2E22-4DFE-9DA1-09743D6C967C}.Debug|Any CPU.Build.0 = Debug|Any CPU
		{B623914C-2E22-4DFE-9DA1-09743D6C967C}.Release|Any CPU.ActiveCfg = Release|Any CPU
		{B623914C-2E22-4DFE-9DA1-09743D6C967C}.Release|Any CPU.Build.0 = Release|Any CPU
		{5DC6A3B2-4C5A-4DE7-ACF7-2E0B27928B47}.Debug|Any CPU.ActiveCfg = Debug|Any CPU
		{5DC6A3B2-4C5A-4DE7-ACF7-2E0B27928B47}.Debug|Any CPU.Build.0 = Debug|Any CPU
		{5DC6A3B2-4C5A-4DE7-ACF7-2E0B27928B47}.Release|Any CPU.ActiveCfg = Release|Any CPU
		{5DC6A3B2-4C5A-4DE7-ACF7-2E0B27928B47}.Release|Any CPU.Build.0 = Release|Any CPU
		{4E95FF10-3B06-44C4-952B-A4B46EEAAF84}.Debug|Any CPU.ActiveCfg = Debug|Any CPU
		{4E95FF10-3B06-44C4-952B-A4B46EEAAF84}.Debug|Any CPU.Build.0 = Debug|Any CPU
		{4E95FF10-3B06-44C4-952B-A4B46EEAAF84}.Release|Any CPU.ActiveCfg = Release|Any CPU
		{4E95FF10-3B06-44C4-952B-A4B46EEAAF84}.Release|Any CPU.Build.0 = Release|Any CPU
		{04AC8386-CFD3-4BAC-8F8A-7279949CE514}.Debug|Any CPU.ActiveCfg = Debug|Any CPU
		{04AC8386-CFD3-4BAC-8F8A-7279949CE514}.Debug|Any CPU.Build.0 = Debug|Any CPU
		{04AC8386-CFD3-4BAC-8F8A-7279949CE514}.Release|Any CPU.ActiveCfg = Release|Any CPU
		{04AC8386-CFD3-4BAC-8F8A-7279949CE514}.Release|Any CPU.Build.0 = Release|Any CPU
		{8FAB0724-49F3-4458-9019-82FF3E6F5AC8}.Debug|Any CPU.ActiveCfg = Debug|Any CPU
		{8FAB0724-49F3-4458-9019-82FF3E6F5AC8}.Debug|Any CPU.Build.0 = Debug|Any CPU
		{8FAB0724-49F3-4458-9019-82FF3E6F5AC8}.Release|Any CPU.ActiveCfg = Release|Any CPU
		{8FAB0724-49F3-4458-9019-82FF3E6F5AC8}.Release|Any CPU.Build.0 = Release|Any CPU
		{FEDFD68F-6C85-4DBF-9B98-F8C796A460FA}.Debug|Any CPU.ActiveCfg = Debug|Any CPU
		{FEDFD68F-6C85-4DBF-9B98-F8C796A460FA}.Debug|Any CPU.Build.0 = Debug|Any CPU
		{FEDFD68F-6C85-4DBF-9B98-F8C796A460FA}.Release|Any CPU.ActiveCfg = Release|Any CPU
		{FEDFD68F-6C85-4DBF-9B98-F8C796A460FA}.Release|Any CPU.Build.0 = Release|Any CPU
		{431F067C-4F19-4DCD-98F6-EC029FB7D83C}.Debug|Any CPU.ActiveCfg = Debug|Any CPU
		{431F067C-4F19-4DCD-98F6-EC029FB7D83C}.Debug|Any CPU.Build.0 = Debug|Any CPU
		{431F067C-4F19-4DCD-98F6-EC029FB7D83C}.Release|Any CPU.ActiveCfg = Release|Any CPU
		{431F067C-4F19-4DCD-98F6-EC029FB7D83C}.Release|Any CPU.Build.0 = Release|Any CPU
		{4734D2CF-5244-4C10-A1FF-7024AA603C8B}.Debug|Any CPU.ActiveCfg = Debug|Any CPU
		{4734D2CF-5244-4C10-A1FF-7024AA603C8B}.Debug|Any CPU.Build.0 = Debug|Any CPU
		{4734D2CF-5244-4C10-A1FF-7024AA603C8B}.Release|Any CPU.ActiveCfg = Release|Any CPU
		{4734D2CF-5244-4C10-A1FF-7024AA603C8B}.Release|Any CPU.Build.0 = Release|Any CPU
		{532ED8B0-A9E8-4B7F-9EB2-AE51ED0C4BD7}.Debug|Any CPU.ActiveCfg = Debug|Any CPU
		{532ED8B0-A9E8-4B7F-9EB2-AE51ED0C4BD7}.Debug|Any CPU.Build.0 = Debug|Any CPU
		{532ED8B0-A9E8-4B7F-9EB2-AE51ED0C4BD7}.Release|Any CPU.ActiveCfg = Release|Any CPU
		{532ED8B0-A9E8-4B7F-9EB2-AE51ED0C4BD7}.Release|Any CPU.Build.0 = Release|Any CPU
		{027EF3F7-EC89-4C0C-BD98-86F32BDE63D3}.Debug|Any CPU.ActiveCfg = Debug|Any CPU
		{027EF3F7-EC89-4C0C-BD98-86F32BDE63D3}.Debug|Any CPU.Build.0 = Debug|Any CPU
		{027EF3F7-EC89-4C0C-BD98-86F32BDE63D3}.Release|Any CPU.ActiveCfg = Release|Any CPU
		{027EF3F7-EC89-4C0C-BD98-86F32BDE63D3}.Release|Any CPU.Build.0 = Release|Any CPU
	EndGlobalSection
	GlobalSection(SolutionProperties) = preSolution
		HideSolutionNode = FALSE
	EndGlobalSection
	GlobalSection(NestedProjects) = preSolution
		{C72F6BA6-BD89-4832-90C4-A3169A832746} = {00D74121-879E-447D-8350-F5BCB794E058}
		{473F47E3-D463-49C7-BD4F-A846653E5D7C} = {00D74121-879E-447D-8350-F5BCB794E058}
		{BF4CB08E-5736-46F8-BF9C-9E1D2DA6D13F} = {00D74121-879E-447D-8350-F5BCB794E058}
		{B623914C-2E22-4DFE-9DA1-09743D6C967C} = {00D74121-879E-447D-8350-F5BCB794E058}
		{5DC6A3B2-4C5A-4DE7-ACF7-2E0B27928B47} = {00D74121-879E-447D-8350-F5BCB794E058}
		{4E95FF10-3B06-44C4-952B-A4B46EEAAF84} = {00D74121-879E-447D-8350-F5BCB794E058}
		{04AC8386-CFD3-4BAC-8F8A-7279949CE514} = {00D74121-879E-447D-8350-F5BCB794E058}
		{8FAB0724-49F3-4458-9019-82FF3E6F5AC8} = {00D74121-879E-447D-8350-F5BCB794E058}
		{4734D2CF-5244-4C10-A1FF-7024AA603C8B} = {00D74121-879E-447D-8350-F5BCB794E058}
		{532ED8B0-A9E8-4B7F-9EB2-AE51ED0C4BD7} = {00D74121-879E-447D-8350-F5BCB794E058}
		{027EF3F7-EC89-4C0C-BD98-86F32BDE63D3} = {00D74121-879E-447D-8350-F5BCB794E058}
	EndGlobalSection
	GlobalSection(ExtensibilityGlobals) = postSolution
		SolutionGuid = {CE25D148-0E69-4BF7-AE7A-8B8A924DB5D2}
	EndGlobalSection
EndGlobal
