
Microsoft Visual Studio Solution File, Format Version 12.00
# Visual Studio Version 17
VisualStudioVersion = 17.2.32630.192
MinimumVisualStudioVersion = 10.0.40219.1
Project("{9A19103F-16F7-4668-BE54-9A1E7A4F7556}") = "R5T.F0099.Construction", "R5T.F0099.Construction\R5T.F0099.Construction.csproj", "{F00E4C3C-529B-42F5-B941-7C7DCB8D639D}"
EndProject
Project("{9A19103F-16F7-4668-BE54-9A1E7A4F7556}") = "R5T.F0099", "R5T.F0099\R5T.F0099.csproj", "{399FB4EB-848D-4C45-931C-C622077E47F7}"
EndProject
Project("{2150E333-8FDC-42A3-9474-1A3956D46DE8}") = "_Dependencies", "_Dependencies", "{2D734DA3-7450-4508-8CD4-05E3BA5F95AD}"
EndProject
Project("{9A19103F-16F7-4668-BE54-9A1E7A4F7556}") = "R5T.F0000", "..\..\R5T.F0000\source\R5T.F0000\R5T.F0000.csproj", "{0617440C-AE85-4A42-A784-DEDB9F73C4F1}"
EndProject
Project("{9A19103F-16F7-4668-BE54-9A1E7A4F7556}") = "R5T.T0131", "..\..\R5T.T0131\source\R5T.T0131\R5T.T0131.csproj", "{2D07E990-FD96-41B0-971C-868CDFEE46E6}"
EndProject
Project("{9A19103F-16F7-4668-BE54-9A1E7A4F7556}") = "R5T.T0132", "..\..\R5T.T0132\source\R5T.T0132\R5T.T0132.csproj", "{43A1DE45-18B0-4ABC-88CC-A09659AEB924}"
EndProject
Project("{9A19103F-16F7-4668-BE54-9A1E7A4F7556}") = "R5T.T0142", "..\..\R5T.T0142\source\R5T.T0142\R5T.T0142.csproj", "{84EB8CAF-C706-4685-99D0-36A86F980481}"
EndProject
Project("{9A19103F-16F7-4668-BE54-9A1E7A4F7556}") = "R5T.T0143", "..\..\R5T.T0143\source\R5T.T0143\R5T.T0143.csproj", "{64033860-B5A8-42D2-9811-A2C4A5F6AC8C}"
EndProject
Project("{9A19103F-16F7-4668-BE54-9A1E7A4F7556}") = "R5T.T0156", "..\..\R5T.T0156\source\R5T.T0156\R5T.T0156.csproj", "{F9A87995-E5DE-478C-9C67-0F12987CAE7D}"
EndProject
Project("{9A19103F-16F7-4668-BE54-9A1E7A4F7556}") = "R5T.Y0000", "..\..\R5T.Y0000\source\R5T.Y0000\R5T.Y0000.csproj", "{100F9280-8B9A-43D6-9077-225BC072AA2B}"
EndProject
Project("{9A19103F-16F7-4668-BE54-9A1E7A4F7556}") = "R5T.Z0000", "..\..\R5T.Z0000\source\R5T.Z0000\R5T.Z0000.csproj", "{7845491F-EEC9-4F8E-BAE0-E251DB5BF38D}"
EndProject
Global
	GlobalSection(NestedProjects) = preSolution
		{0617440C-AE85-4A42-A784-DEDB9F73C4F1} = {2D734DA3-7450-4508-8CD4-05E3BA5F95AD}
		{2D07E990-FD96-41B0-971C-868CDFEE46E6} = {2D734DA3-7450-4508-8CD4-05E3BA5F95AD}
		{43A1DE45-18B0-4ABC-88CC-A09659AEB924} = {2D734DA3-7450-4508-8CD4-05E3BA5F95AD}
		{84EB8CAF-C706-4685-99D0-36A86F980481} = {2D734DA3-7450-4508-8CD4-05E3BA5F95AD}
		{64033860-B5A8-42D2-9811-A2C4A5F6AC8C} = {2D734DA3-7450-4508-8CD4-05E3BA5F95AD}
		{F9A87995-E5DE-478C-9C67-0F12987CAE7D} = {2D734DA3-7450-4508-8CD4-05E3BA5F95AD}
		{100F9280-8B9A-43D6-9077-225BC072AA2B} = {2D734DA3-7450-4508-8CD4-05E3BA5F95AD}
		{7845491F-EEC9-4F8E-BAE0-E251DB5BF38D} = {2D734DA3-7450-4508-8CD4-05E3BA5F95AD}
	EndGlobalSection
	GlobalSection(SolutionConfigurationPlatforms) = preSolution
		Debug|Any CPU = Debug|Any CPU
		Release|Any CPU = Release|Any CPU
	EndGlobalSection
	GlobalSection(ProjectConfigurationPlatforms) = postSolution
		{F00E4C3C-529B-42F5-B941-7C7DCB8D639D}.Debug|Any CPU.ActiveCfg = Debug|Any CPU
		{F00E4C3C-529B-42F5-B941-7C7DCB8D639D}.Debug|Any CPU.Build.0 = Debug|Any CPU
		{F00E4C3C-529B-42F5-B941-7C7DCB8D639D}.Release|Any CPU.ActiveCfg = Release|Any CPU
		{F00E4C3C-529B-42F5-B941-7C7DCB8D639D}.Release|Any CPU.Build.0 = Release|Any CPU
		{399FB4EB-848D-4C45-931C-C622077E47F7}.Debug|Any CPU.ActiveCfg = Debug|Any CPU
		{399FB4EB-848D-4C45-931C-C622077E47F7}.Debug|Any CPU.Build.0 = Debug|Any CPU
		{399FB4EB-848D-4C45-931C-C622077E47F7}.Release|Any CPU.ActiveCfg = Release|Any CPU
		{399FB4EB-848D-4C45-931C-C622077E47F7}.Release|Any CPU.Build.0 = Release|Any CPU
		{0617440C-AE85-4A42-A784-DEDB9F73C4F1}.Debug|Any CPU.ActiveCfg = Debug|Any CPU
		{0617440C-AE85-4A42-A784-DEDB9F73C4F1}.Debug|Any CPU.Build.0 = Debug|Any CPU
		{0617440C-AE85-4A42-A784-DEDB9F73C4F1}.Release|Any CPU.ActiveCfg = Release|Any CPU
		{0617440C-AE85-4A42-A784-DEDB9F73C4F1}.Release|Any CPU.Build.0 = Release|Any CPU
		{2D07E990-FD96-41B0-971C-868CDFEE46E6}.Debug|Any CPU.ActiveCfg = Debug|Any CPU
		{2D07E990-FD96-41B0-971C-868CDFEE46E6}.Debug|Any CPU.Build.0 = Debug|Any CPU
		{2D07E990-FD96-41B0-971C-868CDFEE46E6}.Release|Any CPU.ActiveCfg = Release|Any CPU
		{2D07E990-FD96-41B0-971C-868CDFEE46E6}.Release|Any CPU.Build.0 = Release|Any CPU
		{43A1DE45-18B0-4ABC-88CC-A09659AEB924}.Debug|Any CPU.ActiveCfg = Debug|Any CPU
		{43A1DE45-18B0-4ABC-88CC-A09659AEB924}.Debug|Any CPU.Build.0 = Debug|Any CPU
		{43A1DE45-18B0-4ABC-88CC-A09659AEB924}.Release|Any CPU.ActiveCfg = Release|Any CPU
		{43A1DE45-18B0-4ABC-88CC-A09659AEB924}.Release|Any CPU.Build.0 = Release|Any CPU
		{84EB8CAF-C706-4685-99D0-36A86F980481}.Debug|Any CPU.ActiveCfg = Debug|Any CPU
		{84EB8CAF-C706-4685-99D0-36A86F980481}.Debug|Any CPU.Build.0 = Debug|Any CPU
		{84EB8CAF-C706-4685-99D0-36A86F980481}.Release|Any CPU.ActiveCfg = Release|Any CPU
		{84EB8CAF-C706-4685-99D0-36A86F980481}.Release|Any CPU.Build.0 = Release|Any CPU
		{64033860-B5A8-42D2-9811-A2C4A5F6AC8C}.Debug|Any CPU.ActiveCfg = Debug|Any CPU
		{64033860-B5A8-42D2-9811-A2C4A5F6AC8C}.Debug|Any CPU.Build.0 = Debug|Any CPU
		{64033860-B5A8-42D2-9811-A2C4A5F6AC8C}.Release|Any CPU.ActiveCfg = Release|Any CPU
		{64033860-B5A8-42D2-9811-A2C4A5F6AC8C}.Release|Any CPU.Build.0 = Release|Any CPU
		{F9A87995-E5DE-478C-9C67-0F12987CAE7D}.Debug|Any CPU.ActiveCfg = Debug|Any CPU
		{F9A87995-E5DE-478C-9C67-0F12987CAE7D}.Debug|Any CPU.Build.0 = Debug|Any CPU
		{F9A87995-E5DE-478C-9C67-0F12987CAE7D}.Release|Any CPU.ActiveCfg = Release|Any CPU
		{F9A87995-E5DE-478C-9C67-0F12987CAE7D}.Release|Any CPU.Build.0 = Release|Any CPU
		{100F9280-8B9A-43D6-9077-225BC072AA2B}.Debug|Any CPU.ActiveCfg = Debug|Any CPU
		{100F9280-8B9A-43D6-9077-225BC072AA2B}.Debug|Any CPU.Build.0 = Debug|Any CPU
		{100F9280-8B9A-43D6-9077-225BC072AA2B}.Release|Any CPU.ActiveCfg = Release|Any CPU
		{100F9280-8B9A-43D6-9077-225BC072AA2B}.Release|Any CPU.Build.0 = Release|Any CPU
		{7845491F-EEC9-4F8E-BAE0-E251DB5BF38D}.Debug|Any CPU.ActiveCfg = Debug|Any CPU
		{7845491F-EEC9-4F8E-BAE0-E251DB5BF38D}.Debug|Any CPU.Build.0 = Debug|Any CPU
		{7845491F-EEC9-4F8E-BAE0-E251DB5BF38D}.Release|Any CPU.ActiveCfg = Release|Any CPU
		{7845491F-EEC9-4F8E-BAE0-E251DB5BF38D}.Release|Any CPU.Build.0 = Release|Any CPU
	EndGlobalSection
	GlobalSection(SolutionProperties) = preSolution
		HideSolutionNode = FALSE
	EndGlobalSection
	GlobalSection(ExtensibilityGlobals) = postSolution
		SolutionGuid = {1BE08F05-EC60-4657-AA0F-78F53B77AE5A}
	EndGlobalSection
EndGlobal
